
Microsoft Visual Studio Solution File, Format Version 12.00
# Visual Studio 2013
VisualStudioVersion = 12.0.40629.0
MinimumVisualStudioVersion = 10.0.40219.1
Project("{FAE04EC0-301F-11D3-BF4B-00C04F79EFBC}") = "Bygghemma", "Bygghemma\Bygghemma.csproj", "{F63F7BB1-6097-4791-B54C-D9A2C8D7C76A}"
EndProject
Global
	GlobalSection(SolutionConfigurationPlatforms) = preSolution
		Debug|Any CPU = Debug|Any CPU
		Release|Any CPU = Release|Any CPU
	EndGlobalSection
	GlobalSection(ProjectConfigurationPlatforms) = postSolution
		{F63F7BB1-6097-4791-B54C-D9A2C8D7C76A}.Debug|Any CPU.ActiveCfg = Debug|Any CPU
		{F63F7BB1-6097-4791-B54C-D9A2C8D7C76A}.Debug|Any CPU.Build.0 = Debug|Any CPU
		{F63F7BB1-6097-4791-B54C-D9A2C8D7C76A}.Release|Any CPU.ActiveCfg = Release|Any CPU
		{F63F7BB1-6097-4791-B54C-D9A2C8D7C76A}.Release|Any CPU.Build.0 = Release|Any CPU
	EndGlobalSection
	GlobalSection(SolutionProperties) = preSolution
		HideSolutionNode = FALSE
	EndGlobalSection
EndGlobal
